hash: 2460a4d911841d7b74b0c956f608eb122a18fd41424e69c96281982a76c13012
updated: 2018-01-03T12:38:33.681651928+08:00
imports:
- name: github.com/golang/protobuf
  version: 11b8df160996e00fd4b55cbaafb3d84ec6d50fa8
  subpackages:
  - proto
  - ptypes
  - ptypes/any
  - ptypes/duration
  - ptypes/timestamp
- name: github.com/influxdata/influxdb
  version: 4244d0e0536be53aab18160cd57e59190d57a693
  subpackages:
  - client/v2
  - models
  - pkg/escape
- name: github.com/intelsdi-x/snap-plugin-lib-go
  version: 39befbe4b489623fce1e809048eea52644f5cfea
  subpackages:
  - v1/plugin
  - v1/plugin/rpc
- name: github.com/jpra1113/snap-plugin-lib-go
  version: e2d57f12f4a6b5d0f10b36b01f2acf8a040a84fc
  subpackages:
  - v1/plugin
  - v1/plugin/rpc
- name: github.com/julienschmidt/httprouter
  version: 8c199fb6259ffc1af525cc3ad52ee60ba8359669
- name: github.com/Sirupsen/logrus
  version: d682213848ed68c0a260ca37d6dd5ace8423f5ba
- name: github.com/urfave/cli
  version: cfb38830724cc34fedffe9a2a29fb54fa9169cd1
- name: golang.org/x/crypto
  version: 7d9177d70076375b9a59c8fde23d52d9c4a7ecd5
  subpackages:
  - ssh/terminal
- name: golang.org/x/net
  version: 054b33e6527139ad5b1ec2f6232c3b175bd9a30c
  subpackages:
  - context
  - http2
  - http2/hpack
  - idna
  - internal/timeseries
  - lex/httplex
  - trace
- name: golang.org/x/sys
  version: 90796e5a05ce440b41c768bd9af257005e470461
  subpackages:
  - unix
  - windows
- name: golang.org/x/text
  version: 1cbadb444a806fd9430d14ad08967ed91da4fa0a
  subpackages:
  - secure/bidirule
  - transform
  - unicode/bidi
  - unicode/norm
- name: google.golang.org/genproto
  version: 595979c8a7bf586b2d293fb42246bf91a0b893d9
  subpackages:
  - googleapis/rpc/status
- name: google.golang.org/grpc
  version: f3955b8e9e244dd4dd4bc4f7b7a23a8445400a76
  subpackages:
  - balancer
  - balancer/base
  - balancer/roundrobin
  - codes
  - connectivity
  - credentials
  - encoding
  - grpclb/grpc_lb_v1/messages
  - grpclog
  - internal
  - keepalive
  - metadata
  - naming
  - peer
  - resolver
  - resolver/dns
  - resolver/passthrough
  - stats
  - status
  - tap
  - transport
testImports:
- name: github.com/gopherjs/gopherjs
  version: b40cd48c38f9a18eb3db20d163bad78de12cf0b7
  subpackages:
  - js
- name: github.com/jtolds/gls
  version: 77f18212c9c7edc9bd6a33d383a7b545ce62f064
- name: github.com/smartystreets/assertions
  version: 9c0ea8acbc1d8ad689f9e6fe0c1fa5838e0cabc2
  subpackages:
  - internal/go-render/render
  - internal/oglematchers
- name: github.com/smartystreets/goconvey
  version: 9e8dc3f972df6c8fcc0375ef492c24d0bb204857
  subpackages:
  - convey
  - convey/gotest
  - convey/reporting
